// !$*UTF8*$!
{
	archiveVersion = 1;
	classes = {
	};
	objectVersion = 56;
	objects = {

/* Begin PBXBuildFile section */
		980CD2822999F4FE000A9FE9 /* AppDelegate.m in Sources */ = {isa = PBXBuildFile; fileRef = 980CD2812999F4FE000A9FE9 /* AppDelegate.m */; };
		980CD2852999F4FE000A9FE9 /* SceneDelegate.m in Sources */ = {isa = PBXBuildFile; fileRef = 980CD2842999F4FE000A9FE9 /* SceneDelegate.m */; };
		980CD2882999F4FE000A9FE9 /* AppViewController.m in Sources */ = {isa = PBXBuildFile; fileRef = 980CD2872999F4FE000A9FE9 /* AppViewController.m */; };
		980CD28D2999F4FF000A9FE9 /* Assets.xcassets in Resources */ = {isa = PBXBuildFile; fileRef = 980CD28C2999F4FF000A9FE9 /* Assets.xcassets */; };
		980CD2932999F4FF000A9FE9 /* main.m in Sources */ = {isa = PBXBuildFile; fileRef = 980CD2922999F4FF000A9FE9 /* main.m */; };
		980CD29F2999FE77000A9FE9 /* SettingsViewController.m in Sources */ = {isa = PBXBuildFile; fileRef = 980CD29E2999FE77000A9FE9 /* SettingsViewController.m */; };
		980CD2A2299A00AA000A9FE9 /* ViewController.m in Sources */ = {isa = PBXBuildFile; fileRef = 980CD2A1299A00AA000A9FE9 /* ViewController.m */; };
		980CD2AB299A0FCF000A9FE9 /* helpers.m in Sources */ = {isa = PBXBuildFile; fileRef = 980CD2A3299A0FCF000A9FE9 /* helpers.m */; };
		980CD2AC299A0FCF000A9FE9 /* vm_unaligned_copy_switch_race.c in Sources */ = {isa = PBXBuildFile; fileRef = 980CD2A5299A0FCF000A9FE9 /* vm_unaligned_copy_switch_race.c */; };
		980CD2AD299A0FCF000A9FE9 /* respring.m in Sources */ = {isa = PBXBuildFile; fileRef = 980CD2A6299A0FCF000A9FE9 /* respring.m */; };
		980CD2AE299A0FCF000A9FE9 /* grant_full_disk_access.m in Sources */ = {isa = PBXBuildFile; fileRef = 980CD2AA299A0FCF000A9FE9 /* grant_full_disk_access.m */; };
		980CD2BA299B207A000A9FE9 /* LaunchScreen.storyboard in Resources */ = {isa = PBXBuildFile; fileRef = 980CD2B8299B2079000A9FE9 /* LaunchScreen.storyboard */; };
		980CD2BB299B207A000A9FE9 /* Main.storyboard in Resources */ = {isa = PBXBuildFile; fileRef = 980CD2B9299B207A000A9FE9 /* Main.storyboard */; };
		980CD2BD299B2280000A9FE9 /* entitlements.plist in Resources */ = {isa = PBXBuildFile; fileRef = 980CD2BC299B2280000A9FE9 /* entitlements.plist */; };
		980CD2C5299DC40A000A9FE9 /* AppsManager.m in Sources */ = {isa = PBXBuildFile; fileRef = 980CD2C4299DC40A000A9FE9 /* AppsManager.m */; };
/* End PBXBuildFile section */

/* Begin PBXFileReference section */
		980CD27D2999F4FE000A9FE9 /* Proof.app */ = {isa = PBXFileReference; explicitFileType = wrapper.application; includeInIndex = 0; path = Proof.app; sourceTree = BUILT_PRODUCTS_DIR; };
		980CD2802999F4FE000A9FE9 /* AppDelegate.h */ = {isa = PBXFileReference; lastKnownFileType = sourcecode.c.h; path = AppDelegate.h; sourceTree = "<group>"; };
		980CD2812999F4FE000A9FE9 /* AppDelegate.m */ = {isa = PBXFileReference; lastKnownFileType = sourcecode.c.objc; path = AppDelegate.m; sourceTree = "<group>"; };
		980CD2832999F4FE000A9FE9 /* SceneDelegate.h */ = {isa = PBXFileReference; lastKnownFileType = sourcecode.c.h; path = SceneDelegate.h; sourceTree = "<group>"; };
		980CD2842999F4FE000A9FE9 /* SceneDelegate.m */ = {isa = PBXFileReference; lastKnownFileType = sourcecode.c.objc; path = SceneDelegate.m; sourceTree = "<group>"; };
		980CD2862999F4FE000A9FE9 /* AppViewController.h */ = {isa = PBXFileReference; lastKnownFileType = sourcecode.c.h; path = AppViewController.h; sourceTree = "<group>"; };
		980CD2872999F4FE000A9FE9 /* AppViewController.m */ = {isa = PBXFileReference; lastKnownFileType = sourcecode.c.objc; path = AppViewController.m; sourceTree = "<group>"; };
		980CD28C2999F4FF000A9FE9 /* Assets.xcassets */ = {isa = PBXFileReference; lastKnownFileType = folder.assetcatalog; name = Assets.xcassets; path = Proof/Assets.xcassets; sourceTree = SOURCE_ROOT; };
		980CD2912999F4FF000A9FE9 /* Info.plist */ = {isa = PBXFileReference; lastKnownFileType = text.plist.xml; path = Info.plist; sourceTree = "<group>"; };
		980CD2922999F4FF000A9FE9 /* main.m */ = {isa = PBXFileReference; lastKnownFileType = sourcecode.c.objc; path = main.m; sourceTree = "<group>"; };
		980CD29B2999F5AF000A9FE9 /* Proof.entitlements */ = {isa = PBXFileReference; fileEncoding = 4; lastKnownFileType = text.plist.entitlements; path = Proof.entitlements; sourceTree = "<group>"; };
		980CD29E2999FE77000A9FE9 /* SettingsViewController.m */ = {isa = PBXFileReference; lastKnownFileType = sourcecode.c.objc; path = SettingsViewController.m; sourceTree = "<group>"; };
		980CD2A02999FF80000A9FE9 /* SettingsViewController.h */ = {isa = PBXFileReference; lastKnownFileType = sourcecode.c.h; path = SettingsViewController.h; sourceTree = "<group>"; };
		980CD2A1299A00AA000A9FE9 /* ViewController.m */ = {isa = PBXFileReference; lastKnownFileType = sourcecode.c.objc; path = ViewController.m; sourceTree = "<group>"; };
		980CD2A3299A0FCF000A9FE9 /* helpers.m */ = {isa = PBXFileReference; fileEncoding = 4; lastKnownFileType = sourcecode.c.objc; path = helpers.m; sourceTree = "<group>"; };
		980CD2A4299A0FCF000A9FE9 /* helpers.h */ = {isa = PBXFileReference; fileEncoding = 4; lastKnownFileType = sourcecode.c.h; path = helpers.h; sourceTree = "<group>"; };
		980CD2A5299A0FCF000A9FE9 /* vm_unaligned_copy_switch_race.c */ = {isa = PBXFileReference; fileEncoding = 4; lastKnownFileType = sourcecode.c.c; path = vm_unaligned_copy_switch_race.c; sourceTree = "<group>"; };
		980CD2A6299A0FCF000A9FE9 /* respring.m */ = {isa = PBXFileReference; fileEncoding = 4; lastKnownFileType = sourcecode.c.objc; path = respring.m; sourceTree = "<group>"; };
		980CD2A7299A0FCF000A9FE9 /* grant_full_disk_access.h */ = {isa = PBXFileReference; fileEncoding = 4; lastKnownFileType = sourcecode.c.h; path = grant_full_disk_access.h; sourceTree = "<group>"; };
		980CD2A8299A0FCF000A9FE9 /* respring.h */ = {isa = PBXFileReference; fileEncoding = 4; lastKnownFileType = sourcecode.c.h; path = respring.h; sourceTree = "<group>"; };
		980CD2A9299A0FCF000A9FE9 /* vm_unaligned_copy_switch_race.h */ = {isa = PBXFileReference; fileEncoding = 4; lastKnownFileType = sourcecode.c.h; path = vm_unaligned_copy_switch_race.h; sourceTree = "<group>"; };
		980CD2AA299A0FCF000A9FE9 /* grant_full_disk_access.m */ = {isa = PBXFileReference; fileEncoding = 4; lastKnownFileType = sourcecode.c.objc; path = grant_full_disk_access.m; sourceTree = "<group>"; };
		980CD2B8299B2079000A9FE9 /* LaunchScreen.storyboard */ = {isa = PBXFileReference; fileEncoding = 4; lastKnownFileType = file.storyboard; path = LaunchScreen.storyboard; sourceTree = "<group>"; };
		980CD2B9299B207A000A9FE9 /* Main.storyboard */ = {isa = PBXFileReference; fileEncoding = 4; lastKnownFileType = file.storyboard; path = Main.storyboard; sourceTree = "<group>"; };
		980CD2BC299B2280000A9FE9 /* entitlements.plist */ = {isa = PBXFileReference; fileEncoding = 4; lastKnownFileType = text.plist.xml; path = entitlements.plist; sourceTree = "<group>"; };
		980CD2C4299DC40A000A9FE9 /* AppsManager.m */ = {isa = PBXFileReference; lastKnownFileType = sourcecode.c.objc; path = AppsManager.m; sourceTree = "<group>"; };
		980CD2C6299DC41B000A9FE9 /* AppsManager.h */ = {isa = PBXFileReference; lastKnownFileType = sourcecode.c.h; path = AppsManager.h; sourceTree = "<group>"; };
/* End PBXFileReference section */

/* Begin PBXFrameworksBuildPhase section */
		980CD27A2999F4FE000A9FE9 /* Frameworks */ = {
			isa = PBXFrameworksBuildPhase;
			buildActionMask = 2147483647;
			files = (
			);
			runOnlyForDeploymentPostprocessing = 0;
		};
/* End PBXFrameworksBuildPhase section */

/* Begin PBXGroup section */
		980CD2742999F4FE000A9FE9 = {
			isa = PBXGroup;
			children = (
				980CD27F2999F4FE000A9FE9 /* Proof */,
				980CD27E2999F4FE000A9FE9 /* Products */,
			);
			sourceTree = "<group>";
		};
		980CD27E2999F4FE000A9FE9 /* Products */ = {
			isa = PBXGroup;
			children = (
				980CD27D2999F4FE000A9FE9 /* Proof.app */,
			);
			name = Products;
			sourceTree = "<group>";
		};
		980CD27F2999F4FE000A9FE9 /* Proof */ = {
			isa = PBXGroup;
			children = (
				980CD29B2999F5AF000A9FE9 /* Proof.entitlements */,
				980CD2BC299B2280000A9FE9 /* entitlements.plist */,
				980CD2802999F4FE000A9FE9 /* AppDelegate.h */,
				980CD2812999F4FE000A9FE9 /* AppDelegate.m */,
				980CD2832999F4FE000A9FE9 /* SceneDelegate.h */,
				980CD2842999F4FE000A9FE9 /* SceneDelegate.m */,
				980CD2A1299A00AA000A9FE9 /* ViewController.m */,
				980CD2862999F4FE000A9FE9 /* AppViewController.h */,
				980CD2872999F4FE000A9FE9 /* AppViewController.m */,
				980CD2C6299DC41B000A9FE9 /* AppsManager.h */,
				980CD2C4299DC40A000A9FE9 /* AppsManager.m */,
				980CD2A02999FF80000A9FE9 /* SettingsViewController.h */,
				980CD29E2999FE77000A9FE9 /* SettingsViewController.m */,
				980CD2A7299A0FCF000A9FE9 /* grant_full_disk_access.h */,
				980CD2AA299A0FCF000A9FE9 /* grant_full_disk_access.m */,
				980CD2A4299A0FCF000A9FE9 /* helpers.h */,
				980CD2A3299A0FCF000A9FE9 /* helpers.m */,
				980CD2A8299A0FCF000A9FE9 /* respring.h */,
				980CD2A6299A0FCF000A9FE9 /* respring.m */,
				980CD2A5299A0FCF000A9FE9 /* vm_unaligned_copy_switch_race.c */,
				980CD2A9299A0FCF000A9FE9 /* vm_unaligned_copy_switch_race.h */,
				980CD28C2999F4FF000A9FE9 /* Assets.xcassets */,
				980CD2912999F4FF000A9FE9 /* Info.plist */,
				980CD2B8299B2079000A9FE9 /* LaunchScreen.storyboard */,
				980CD2B9299B207A000A9FE9 /* Main.storyboard */,
				980CD2922999F4FF000A9FE9 /* main.m */,
			);
			path = Proof;
			sourceTree = "<group>";
		};
/* End PBXGroup section */

/* Begin PBXNativeTarget section */
		980CD27C2999F4FE000A9FE9 /* Proof */ = {
			isa = PBXNativeTarget;
			buildConfigurationList = 980CD2962999F4FF000A9FE9 /* Build configuration list for PBXNativeTarget "Proof" */;
			buildPhases = (
				980CD2792999F4FE000A9FE9 /* Sources */,
				980CD27A2999F4FE000A9FE9 /* Frameworks */,
				980CD27B2999F4FE000A9FE9 /* Resources */,
			);
			buildRules = (
			);
			dependencies = (
			);
			name = Proof;
			productName = Proof;
			productReference = 980CD27D2999F4FE000A9FE9 /* Proof.app */;
			productType = "com.apple.product-type.application";
		};
/* End PBXNativeTarget section */

/* Begin PBXProject section */
		980CD2752999F4FE000A9FE9 /* Project object */ = {
			isa = PBXProject;
			attributes = {
				BuildIndependentTargetsInParallel = 1;
				LastUpgradeCheck = 1420;
				TargetAttributes = {
					980CD27C2999F4FE000A9FE9 = {
						CreatedOnToolsVersion = 14.2;
					};
				};
			};
			buildConfigurationList = 980CD2782999F4FE000A9FE9 /* Build configuration list for PBXProject "Proof" */;
			compatibilityVersion = "Xcode 14.0";
			developmentRegion = en;
			hasScannedForEncodings = 0;
			knownRegions = (
				en,
				Base,
			);
			mainGroup = 980CD2742999F4FE000A9FE9;
			productRefGroup = 980CD27E2999F4FE000A9FE9 /* Products */;
			projectDirPath = "";
			projectRoot = "";
			targets = (
				980CD27C2999F4FE000A9FE9 /* Proof */,
			);
		};
/* End PBXProject section */

/* Begin PBXResourcesBuildPhase section */
		980CD27B2999F4FE000A9FE9 /* Resources */ = {
			isa = PBXResourcesBuildPhase;
			buildActionMask = 2147483647;
			files = (
				980CD2BD299B2280000A9FE9 /* entitlements.plist in Resources */,
				980CD2BB299B207A000A9FE9 /* Main.storyboard in Resources */,
				980CD28D2999F4FF000A9FE9 /* Assets.xcassets in Resources */,
				980CD2BA299B207A000A9FE9 /* LaunchScreen.storyboard in Resources */,
			);
			runOnlyForDeploymentPostprocessing = 0;
		};
/* End PBXResourcesBuildPhase section */

/* Begin PBXSourcesBuildPhase section */
		980CD2792999F4FE000A9FE9 /* Sources */ = {
			isa = PBXSourcesBuildPhase;
			buildActionMask = 2147483647;
			files = (
				980CD2A2299A00AA000A9FE9 /* ViewController.m in Sources */,
				980CD2AD299A0FCF000A9FE9 /* respring.m in Sources */,
				980CD2AE299A0FCF000A9FE9 /* grant_full_disk_access.m in Sources */,
				980CD2882999F4FE000A9FE9 /* AppViewController.m in Sources */,
				980CD2822999F4FE000A9FE9 /* AppDelegate.m in Sources */,
				980CD29F2999FE77000A9FE9 /* SettingsViewController.m in Sources */,
				980CD2932999F4FF000A9FE9 /* main.m in Sources */,
				980CD2852999F4FE000A9FE9 /* SceneDelegate.m in Sources */,
				980CD2C5299DC40A000A9FE9 /* AppsManager.m in Sources */,
				980CD2AC299A0FCF000A9FE9 /* vm_unaligned_copy_switch_race.c in Sources */,
				980CD2AB299A0FCF000A9FE9 /* helpers.m in Sources */,
			);
			runOnlyForDeploymentPostprocessing = 0;
		};
/* End PBXSourcesBuildPhase section */

/* Begin XCBuildConfiguration section */
		980CD2942999F4FF000A9FE9 /* Debug */ = {
			isa = XCBuildConfiguration;
			buildSettings = {
				ALWAYS_SEARCH_USER_PATHS = NO;
				CLANG_ANALYZER_NONNULL = YES;
				CLANG_ANALYZER_NUMBER_OBJECT_CONVERSION = YES_AGGRESSIVE;
				CLANG_CXX_LANGUAGE_STANDARD = "gnu++20";
				CLANG_ENABLE_MODULES = YES;
				CLANG_ENABLE_OBJC_ARC = YES;
				CLANG_ENABLE_OBJC_WEAK = YES;
				CLANG_WARN_BLOCK_CAPTURE_AUTORELEASING = YES;
				CLANG_WARN_BOOL_CONVERSION = YES;
				CLANG_WARN_COMMA = YES;
				CLANG_WARN_CONSTANT_CONVERSION = YES;
				CLANG_WARN_DEPRECATED_OBJC_IMPLEMENTATIONS = YES;
				CLANG_WARN_DIRECT_OBJC_ISA_USAGE = YES_ERROR;
				CLANG_WARN_DOCUMENTATION_COMMENTS = YES;
				CLANG_WARN_EMPTY_BODY = YES;
				CLANG_WARN_ENUM_CONVERSION = YES;
				CLANG_WARN_INFINITE_RECURSION = YES;
				CLANG_WARN_INT_CONVERSION = YES;
				CLANG_WARN_NON_LITERAL_NULL_CONVERSION = YES;
				CLANG_WARN_OBJC_IMPLICIT_RETAIN_SELF = YES;
				CLANG_WARN_OBJC_LITERAL_CONVERSION = YES;
				CLANG_WARN_OBJC_ROOT_CLASS = YES_ERROR;
				CLANG_WARN_QUOTED_INCLUDE_IN_FRAMEWORK_HEADER = YES;
				CLANG_WARN_RANGE_LOOP_ANALYSIS = YES;
				CLANG_WARN_STRICT_PROTOTYPES = YES;
				CLANG_WARN_SUSPICIOUS_MOVE = YES;
				CLANG_WARN_UNGUARDED_AVAILABILITY = YES_AGGRESSIVE;
				CLANG_WARN_UNREACHABLE_CODE = YES;
				CLANG_WARN__DUPLICATE_METHOD_MATCH = YES;
				COPY_PHASE_STRIP = NO;
				DEBUG_INFORMATION_FORMAT = dwarf;
				ENABLE_STRICT_OBJC_MSGSEND = YES;
				ENABLE_TESTABILITY = YES;
				GCC_C_LANGUAGE_STANDARD = gnu11;
				GCC_DYNAMIC_NO_PIC = NO;
				GCC_NO_COMMON_BLOCKS = YES;
				GCC_OPTIMIZATION_LEVEL = 0;
				GCC_PREPROCESSOR_DEFINITIONS = (
					"DEBUG=1",
					"$(inherited)",
				);
				GCC_WARN_64_TO_32_BIT_CONVERSION = YES;
				GCC_WARN_ABOUT_RETURN_TYPE = YES_ERROR;
				GCC_WARN_UNDECLARED_SELECTOR = YES;
				GCC_WARN_UNINITIALIZED_AUTOS = YES_AGGRESSIVE;
				GCC_WARN_UNUSED_FUNCTION = YES;
				GCC_WARN_UNUSED_VARIABLE = YES;
				IPHONEOS_DEPLOYMENT_TARGET = 15.0;
				MTL_ENABLE_DEBUG_INFO = INCLUDE_SOURCE;
				MTL_FAST_MATH = YES;
				ONLY_ACTIVE_ARCH = YES;
				SDKROOT = iphoneos;
			};
			name = Debug;
		};
		980CD2952999F4FF000A9FE9 /* Release */ = {
			isa = XCBuildConfiguration;
			buildSettings = {
				ALWAYS_SEARCH_USER_PATHS = NO;
				CLANG_ANALYZER_NONNULL = YES;
				CLANG_ANALYZER_NUMBER_OBJECT_CONVERSION = YES_AGGRESSIVE;
				CLANG_CXX_LANGUAGE_STANDARD = "gnu++20";
				CLANG_ENABLE_MODULES = YES;
				CLANG_ENABLE_OBJC_ARC = YES;
				CLANG_ENABLE_OBJC_WEAK = YES;
				CLANG_WARN_BLOCK_CAPTURE_AUTORELEASING = YES;
				CLANG_WARN_BOOL_CONVERSION = YES;
				CLANG_WARN_COMMA = YES;
				CLANG_WARN_CONSTANT_CONVERSION = YES;
				CLANG_WARN_DEPRECATED_OBJC_IMPLEMENTATIONS = YES;
				CLANG_WARN_DIRECT_OBJC_ISA_USAGE = YES_ERROR;
				CLANG_WARN_DOCUMENTATION_COMMENTS = YES;
				CLANG_WARN_EMPTY_BODY = YES;
				CLANG_WARN_ENUM_CONVERSION = YES;
				CLANG_WARN_INFINITE_RECURSION = YES;
				CLANG_WARN_INT_CONVERSION = YES;
				CLANG_WARN_NON_LITERAL_NULL_CONVERSION = YES;
				CLANG_WARN_OBJC_IMPLICIT_RETAIN_SELF = YES;
				CLANG_WARN_OBJC_LITERAL_CONVERSION = YES;
				CLANG_WARN_OBJC_ROOT_CLASS = YES_ERROR;
				CLANG_WARN_QUOTED_INCLUDE_IN_FRAMEWORK_HEADER = YES;
				CLANG_WARN_RANGE_LOOP_ANALYSIS = YES;
				CLANG_WARN_STRICT_PROTOTYPES = YES;
				CLANG_WARN_SUSPICIOUS_MOVE = YES;
				CLANG_WARN_UNGUARDED_AVAILABILITY = YES_AGGRESSIVE;
				CLANG_WARN_UNREACHABLE_CODE = YES;
				CLANG_WARN__DUPLICATE_METHOD_MATCH = YES;
				COPY_PHASE_STRIP = NO;
				DEBUG_INFORMATION_FORMAT = "dwarf-with-dsym";
				ENABLE_NS_ASSERTIONS = NO;
				ENABLE_STRICT_OBJC_MSGSEND = YES;
				GCC_C_LANGUAGE_STANDARD = gnu11;
				GCC_NO_COMMON_BLOCKS = YES;
				GCC_WARN_64_TO_32_BIT_CONVERSION = YES;
				GCC_WARN_ABOUT_RETURN_TYPE = YES_ERROR;
				GCC_WARN_UNDECLARED_SELECTOR = YES;
				GCC_WARN_UNINITIALIZED_AUTOS = YES_AGGRESSIVE;
				GCC_WARN_UNUSED_FUNCTION = YES;
				GCC_WARN_UNUSED_VARIABLE = YES;
				IPHONEOS_DEPLOYMENT_TARGET = 15.0;
				MTL_ENABLE_DEBUG_INFO = NO;
				MTL_FAST_MATH = YES;
				SDKROOT = iphoneos;
				VALIDATE_PRODUCT = YES;
			};
			name = Release;
		};
		980CD2972999F4FF000A9FE9 /* Debug */ = {
			isa = XCBuildConfiguration;
			buildSettings = {
				ASSETCATALOG_COMPILER_APPICON_NAME = AppIcon;
				ASSETCATALOG_COMPILER_GLOBAL_ACCENT_COLOR_NAME = AccentColor;
				CODE_SIGN_STYLE = Automatic;
				CURRENT_PROJECT_VERSION = 1;
				DEVELOPMENT_TEAM = RW82WUBFRP;
				GCC_NO_COMMON_BLOCKS = NO;
				GENERATE_INFOPLIST_FILE = YES;
				INFOPLIST_FILE = Proof/Info.plist;
				INFOPLIST_KEY_NSAppleMusicUsageDescription = "give me root";
				INFOPLIST_KEY_UIApplicationSupportsIndirectInputEvents = YES;
				INFOPLIST_KEY_UILaunchStoryboardName = LaunchScreen;
				INFOPLIST_KEY_UIMainStoryboardFile = Main;
				INFOPLIST_KEY_UIRequiresFullScreen = YES;
				INFOPLIST_KEY_UISupportedInterfaceOrientations_iPad = "UIInterfaceOrientationPortrait UIInterfaceOrientationPortraitUpsideDown UIInterfaceOrientationLandscapeLeft UIInterfaceOrientationLandscapeRight";
				INFOPLIST_KEY_UISupportedInterfaceOrientations_iPhone = "UIInterfaceOrientationPortrait UIInterfaceOrientationLandscapeLeft UIInterfaceOrientationLandscapeRight";
				IPHONEOS_DEPLOYMENT_TARGET = 15.0;
				LD_RUNPATH_SEARCH_PATHS = (
					"$(inherited)",
					"@executable_path/Frameworks",
				);
				MARKETING_VERSION = 1.0;
				PRODUCT_BUNDLE_IDENTIFIER = com.nahtedetihw.Proof;
				PRODUCT_NAME = "$(TARGET_NAME)";
				SWIFT_EMIT_LOC_STRINGS = YES;
				TARGETED_DEVICE_FAMILY = "1,2";
			};
			name = Debug;
		};
		980CD2982999F4FF000A9FE9 /* Release */ = {
			isa = XCBuildConfiguration;
			buildSettings = {
				ASSETCATALOG_COMPILER_APPICON_NAME = AppIcon;
				ASSETCATALOG_COMPILER_GLOBAL_ACCENT_COLOR_NAME = AccentColor;
				CODE_SIGN_STYLE = Automatic;
				CURRENT_PROJECT_VERSION = 1;
				DEVELOPMENT_TEAM = RW82WUBFRP;
				GCC_NO_COMMON_BLOCKS = NO;
				GENERATE_INFOPLIST_FILE = YES;
				INFOPLIST_FILE = Proof/Info.plist;
				INFOPLIST_KEY_NSAppleMusicUsageDescription = "give me root";
				INFOPLIST_KEY_UIApplicationSupportsIndirectInputEvents = YES;
				INFOPLIST_KEY_UILaunchStoryboardName = LaunchScreen;
				INFOPLIST_KEY_UIMainStoryboardFile = Main;
				INFOPLIST_KEY_UIRequiresFullScreen = YES;
				INFOPLIST_KEY_UISupportedInterfaceOrientations_iPad = "UIInterfaceOrientationPortrait UIInterfaceOrientationPortraitUpsideDown UIInterfaceOrientationLandscapeLeft UIInterfaceOrientationLandscapeRight";
				INFOPLIST_KEY_UISupportedInterfaceOrientations_iPhone = "UIInterfaceOrientationPortrait UIInterfaceOrientationLandscapeLeft UIInterfaceOrientationLandscapeRight";
				IPHONEOS_DEPLOYMENT_TARGET = 15.0;
				LD_RUNPATH_SEARCH_PATHS = (
					"$(inherited)",
					"@executable_path/Frameworks",
				);
				MARKETING_VERSION = 1.0;
				PRODUCT_BUNDLE_IDENTIFIER = com.nahtedetihw.Proof;
				PRODUCT_NAME = "$(TARGET_NAME)";
				SWIFT_EMIT_LOC_STRINGS = YES;
				TARGETED_DEVICE_FAMILY = "1,2";
			};
			name = Release;
		};
/* End XCBuildConfiguration section */

/* Begin XCConfigurationList section */
		980CD2782999F4FE000A9FE9 /* Build configuration list for PBXProject "Proof" */ = {
			isa = XCConfigurationList;
			buildConfigurations = (
				980CD2942999F4FF000A9FE9 /* Debug */,
				980CD2952999F4FF000A9FE9 /* Release */,
			);
			defaultConfigurationIsVisible = 0;
			defaultConfigurationName = Release;
		};
		980CD2962999F4FF000A9FE9 /* Build configuration list for PBXNativeTarget "Proof" */ = {
			isa = XCConfigurationList;
			buildConfigurations = (
				980CD2972999F4FF000A9FE9 /* Debug */,
				980CD2982999F4FF000A9FE9 /* Release */,
			);
			defaultConfigurationIsVisible = 0;
			defaultConfigurationName = Release;
		};
/* End XCConfigurationList section */
	};
	rootObject = 980CD2752999F4FE000A9FE9 /* Project object */;
}
